// !$*UTF8*$!
{
	archiveVersion = 1;
	classes = {
	};
	objectVersion = 50;
	objects = {

/* Begin PBXBuildFile section */
		F417FBE82114F44C00A4BA09 /* BusinessMapLocations.storyboard in Resources */ = {isa = PBXBuildFile; fileRef = F417FBE72114F44C00A4BA09 /* BusinessMapLocations.storyboard */; };
		F417FBEA2114F4CB00A4BA09 /* BusinessMapLocationsViewController.swift in Sources */ = {isa = PBXBuildFile; fileRef = F417FBE92114F4CB00A4BA09 /* BusinessMapLocationsViewController.swift */; };
		F417FBEC2116287100A4BA09 /* Venue.swift in Sources */ = {isa = PBXBuildFile; fileRef = F417FBEB2116287100A4BA09 /* Venue.swift */; };
		F417FBEE211A1F8400A4BA09 /* FavoritesService.swift in Sources */ = {isa = PBXBuildFile; fileRef = F417FBED211A1F8400A4BA09 /* FavoritesService.swift */; };
		F420A245210BA77D00A65D83 /* AppDelegate.swift in Sources */ = {isa = PBXBuildFile; fileRef = F420A244210BA77D00A65D83 /* AppDelegate.swift */; };
		F420A24C210BA78100A65D83 /* Assets.xcassets in Resources */ = {isa = PBXBuildFile; fileRef = F420A24B210BA78100A65D83 /* Assets.xcassets */; };
		F420A24F210BA78100A65D83 /* LaunchScreen.storyboard in Resources */ = {isa = PBXBuildFile; fileRef = F420A24D210BA78100A65D83 /* LaunchScreen.storyboard */; };
		F420A259210BA80500A65D83 /* YelpService.swift in Sources */ = {isa = PBXBuildFile; fileRef = F420A258210BA80500A65D83 /* YelpService.swift */; };
		F420A25B210CF29C00A65D83 /* HTTPRequestManager.swift in Sources */ = {isa = PBXBuildFile; fileRef = F420A25A210CF29C00A65D83 /* HTTPRequestManager.swift */; };
		F420A25D210CF91300A65D83 /* RawYelpResponse.swift in Sources */ = {isa = PBXBuildFile; fileRef = F420A25C210CF91300A65D83 /* RawYelpResponse.swift */; };
		F420A261210FC4F800A65D83 /* Home.storyboard in Resources */ = {isa = PBXBuildFile; fileRef = F420A260210FC4F800A65D83 /* Home.storyboard */; };
		F420A263210FC56B00A65D83 /* HomeViewController.swift in Sources */ = {isa = PBXBuildFile; fileRef = F420A262210FC56B00A65D83 /* HomeViewController.swift */; };
		F420A2652111055B00A65D83 /* BusinessTableViewCell.swift in Sources */ = {isa = PBXBuildFile; fileRef = F420A2642111055B00A65D83 /* BusinessTableViewCell.swift */; };
		F420A2672112E9B800A65D83 /* BusinessDetail.storyboard in Resources */ = {isa = PBXBuildFile; fileRef = F420A2662112E9B800A65D83 /* BusinessDetail.storyboard */; };
		F420A269211394A900A65D83 /* BusinessDetailViewController.swift in Sources */ = {isa = PBXBuildFile; fileRef = F420A268211394A900A65D83 /* BusinessDetailViewController.swift */; };
/* End PBXBuildFile section */

/* Begin PBXFileReference section */
		F417FBE72114F44C00A4BA09 /* BusinessMapLocations.storyboard */ = {isa = PBXFileReference; lastKnownFileType = file.storyboard; path = BusinessMapLocations.storyboard; sourceTree = "<group>"; };
		F417FBE92114F4CB00A4BA09 /* BusinessMapLocationsViewController.swift */ = {isa = PBXFileReference; lastKnownFileType = sourcecode.swift; path = BusinessMapLocationsViewController.swift; sourceTree = "<group>"; };
		F417FBEB2116287100A4BA09 /* Venue.swift */ = {isa = PBXFileReference; lastKnownFileType = sourcecode.swift; path = Venue.swift; sourceTree = "<group>"; };
		F417FBED211A1F8400A4BA09 /* FavoritesService.swift */ = {isa = PBXFileReference; lastKnownFileType = sourcecode.swift; path = FavoritesService.swift; sourceTree = "<group>"; };
		F420A241210BA77D00A65D83 /* TacoMadre.app */ = {isa = PBXFileReference; explicitFileType = wrapper.application; includeInIndex = 0; path = TacoMadre.app; sourceTree = BUILT_PRODUCTS_DIR; };
		F420A244210BA77D00A65D83 /* AppDelegate.swift */ = {isa = PBXFileReference; lastKnownFileType = sourcecode.swift; path = AppDelegate.swift; sourceTree = "<group>"; };
		F420A24B210BA78100A65D83 /* Assets.xcassets */ = {isa = PBXFileReference; lastKnownFileType = folder.assetcatalog; path = Assets.xcassets; sourceTree = "<group>"; };
		F420A24E210BA78100A65D83 /* Base */ = {isa = PBXFileReference; lastKnownFileType = file.storyboard; name = Base; path = Base.lproj/LaunchScreen.storyboard; sourceTree = "<group>"; };
		F420A250210BA78100A65D83 /* Info.plist */ = {isa = PBXFileReference; lastKnownFileType = text.plist.xml; path = Info.plist; sourceTree = "<group>"; };
		F420A258210BA80500A65D83 /* YelpService.swift */ = {isa = PBXFileReference; lastKnownFileType = sourcecode.swift; path = YelpService.swift; sourceTree = "<group>"; };
		F420A25A210CF29C00A65D83 /* HTTPRequestManager.swift */ = {isa = PBXFileReference; lastKnownFileType = sourcecode.swift; path = HTTPRequestManager.swift; sourceTree = "<group>"; };
		F420A25C210CF91300A65D83 /* RawYelpResponse.swift */ = {isa = PBXFileReference; lastKnownFileType = sourcecode.swift; path = RawYelpResponse.swift; sourceTree = "<group>"; };
		F420A260210FC4F800A65D83 /* Home.storyboard */ = {isa = PBXFileReference; lastKnownFileType = file.storyboard; path = Home.storyboard; sourceTree = "<group>"; };
		F420A262210FC56B00A65D83 /* HomeViewController.swift */ = {isa = PBXFileReference; lastKnownFileType = sourcecode.swift; path = HomeViewController.swift; sourceTree = "<group>"; };
		F420A2642111055B00A65D83 /* BusinessTableViewCell.swift */ = {isa = PBXFileReference; lastKnownFileType = sourcecode.swift; path = BusinessTableViewCell.swift; sourceTree = "<group>"; };
		F420A2662112E9B800A65D83 /* BusinessDetail.storyboard */ = {isa = PBXFileReference; lastKnownFileType = file.storyboard; path = BusinessDetail.storyboard; sourceTree = "<group>"; };
		F420A268211394A900A65D83 /* BusinessDetailViewController.swift */ = {isa = PBXFileReference; lastKnownFileType = sourcecode.swift; path = BusinessDetailViewController.swift; sourceTree = "<group>"; };
/* End PBXFileReference section */

/* Begin PBXFrameworksBuildPhase section */
		F420A23E210BA77D00A65D83 /* Frameworks */ = {
			isa = PBXFrameworksBuildPhase;
			buildActionMask = 2147483647;
			files = (
			);
			runOnlyForDeploymentPostprocessing = 0;
		};
/* End PBXFrameworksBuildPhase section */

/* Begin PBXGroup section */
		F420A238210BA77D00A65D83 = {
			isa = PBXGroup;
			children = (
				F420A243210BA77D00A65D83 /* TacoMadre */,
				F420A242210BA77D00A65D83 /* Products */,
			);
			sourceTree = "<group>";
		};
		F420A242210BA77D00A65D83 /* Products */ = {
			isa = PBXGroup;
			children = (
				F420A241210BA77D00A65D83 /* TacoMadre.app */,
			);
			name = Products;
			sourceTree = "<group>";
		};
		F420A243210BA77D00A65D83 /* TacoMadre */ = {
			isa = PBXGroup;
			children = (
				F420A258210BA80500A65D83 /* YelpService.swift */,
				F420A2642111055B00A65D83 /* BusinessTableViewCell.swift */,
				F420A244210BA77D00A65D83 /* AppDelegate.swift */,
				F420A268211394A900A65D83 /* BusinessDetailViewController.swift */,
				F417FBE92114F4CB00A4BA09 /* BusinessMapLocationsViewController.swift */,
				F417FBEB2116287100A4BA09 /* Venue.swift */,
				F420A262210FC56B00A65D83 /* HomeViewController.swift */,
				F417FBED211A1F8400A4BA09 /* FavoritesService.swift */,
				F420A260210FC4F800A65D83 /* Home.storyboard */,
				F417FBE72114F44C00A4BA09 /* BusinessMapLocations.storyboard */,
				F420A2662112E9B800A65D83 /* BusinessDetail.storyboard */,
				F420A24B210BA78100A65D83 /* Assets.xcassets */,
				F420A24D210BA78100A65D83 /* LaunchScreen.storyboard */,
				F420A250210BA78100A65D83 /* Info.plist */,
				F420A25A210CF29C00A65D83 /* HTTPRequestManager.swift */,
				F420A25C210CF91300A65D83 /* RawYelpResponse.swift */,
			);
			path = TacoMadre;
			sourceTree = "<group>";
		};
/* End PBXGroup section */

/* Begin PBXNativeTarget section */
		F420A240210BA77D00A65D83 /* TacoMadre */ = {
			isa = PBXNativeTarget;
			buildConfigurationList = F420A253210BA78100A65D83 /* Build configuration list for PBXNativeTarget "TacoMadre" */;
			buildPhases = (
				F420A23D210BA77D00A65D83 /* Sources */,
				F420A23E210BA77D00A65D83 /* Frameworks */,
				F420A23F210BA77D00A65D83 /* Resources */,
			);
			buildRules = (
			);
			dependencies = (
			);
			name = TacoMadre;
			productName = TacoMadre;
			productReference = F420A241210BA77D00A65D83 /* TacoMadre.app */;
			productType = "com.apple.product-type.application";
		};
/* End PBXNativeTarget section */

/* Begin PBXProject section */
		F420A239210BA77D00A65D83 /* Project object */ = {
			isa = PBXProject;
			attributes = {
				LastSwiftUpdateCheck = 0940;
				LastUpgradeCheck = 0940;
				ORGANIZATIONNAME = "Alan Guerrero";
				TargetAttributes = {
					F420A240210BA77D00A65D83 = {
						CreatedOnToolsVersion = 9.4.1;
					};
				};
			};
			buildConfigurationList = F420A23C210BA77D00A65D83 /* Build configuration list for PBXProject "TacoMadre" */;
			compatibilityVersion = "Xcode 9.3";
			developmentRegion = en;
			hasScannedForEncodings = 0;
			knownRegions = (
				en,
				Base,
			);
			mainGroup = F420A238210BA77D00A65D83;
			productRefGroup = F420A242210BA77D00A65D83 /* Products */;
			projectDirPath = "";
			projectRoot = "";
			targets = (
				F420A240210BA77D00A65D83 /* TacoMadre */,
			);
		};
/* End PBXProject section */

/* Begin PBXResourcesBuildPhase section */
		F420A23F210BA77D00A65D83 /* Resources */ = {
			isa = PBXResourcesBuildPhase;
			buildActionMask = 2147483647;
			files = (
				F420A24F210BA78100A65D83 /* LaunchScreen.storyboard in Resources */,
				F417FBE82114F44C00A4BA09 /* BusinessMapLocations.storyboard in Resources */,
				F420A24C210BA78100A65D83 /* Assets.xcassets in Resources */,
				F420A261210FC4F800A65D83 /* Home.storyboard in Resources */,
				F420A2672112E9B800A65D83 /* BusinessDetail.storyboard in Resources */,
			);
			runOnlyForDeploymentPostprocessing = 0;
		};
/* End PBXResourcesBuildPhase section */

/* Begin PBXSourcesBuildPhase section */
		F420A23D210BA77D00A65D83 /* Sources */ = {
			isa = PBXSourcesBuildPhase;
			buildActionMask = 2147483647;
			files = (
				F417FBEA2114F4CB00A4BA09 /* BusinessMapLocationsViewController.swift in Sources */,
				F420A245210BA77D00A65D83 /* AppDelegate.swift in Sources */,
				F420A25D210CF91300A65D83 /* RawYelpResponse.swift in Sources */,
				F420A259210BA80500A65D83 /* YelpService.swift in Sources */,
				F417FBEC2116287100A4BA09 /* Venue.swift in Sources */,
				F417FBEE211A1F8400A4BA09 /* FavoritesService.swift in Sources */,
				F420A263210FC56B00A65D83 /* HomeViewController.swift in Sources */,
				F420A25B210CF29C00A65D83 /* HTTPRequestManager.swift in Sources */,
				F420A269211394A900A65D83 /* BusinessDetailViewController.swift in Sources */,
				F420A2652111055B00A65D83 /* BusinessTableViewCell.swift in Sources */,
			);
			runOnlyForDeploymentPostprocessing = 0;
		};
/* End PBXSourcesBuildPhase section */

/* Begin PBXVariantGroup section */
		F420A24D210BA78100A65D83 /* LaunchScreen.storyboard */ = {
			isa = PBXVariantGroup;
			children = (
				F420A24E210BA78100A65D83 /* Base */,
			);
			name = LaunchScreen.storyboard;
			sourceTree = "<group>";
		};
/* End PBXVariantGroup section */

/* Begin XCBuildConfiguration section */
		F420A251210BA78100A65D83 /* Debug */ = {
			isa = XCBuildConfiguration;
			buildSettings = {
				ALWAYS_SEARCH_USER_PATHS = NO;
				CLANG_ANALYZER_NONNULL = YES;
				CLANG_ANALYZER_NUMBER_OBJECT_CONVERSION = YES_AGGRESSIVE;
				CLANG_CXX_LANGUAGE_STANDARD = "gnu++14";
				CLANG_CXX_LIBRARY = "libc++";
				CLANG_ENABLE_MODULES = YES;
				CLANG_ENABLE_OBJC_ARC = YES;
				CLANG_ENABLE_OBJC_WEAK = YES;
				CLANG_WARN_BLOCK_CAPTURE_AUTORELEASING = YES;
				CLANG_WARN_BOOL_CONVERSION = YES;
				CLANG_WARN_COMMA = YES;
				CLANG_WARN_CONSTANT_CONVERSION = YES;
				CLANG_WARN_DEPRECATED_OBJC_IMPLEMENTATIONS = YES;
				CLANG_WARN_DIRECT_OBJC_ISA_USAGE = YES_ERROR;
				CLANG_WARN_DOCUMENTATION_COMMENTS = YES;
				CLANG_WARN_EMPTY_BODY = YES;
				CLANG_WARN_ENUM_CONVERSION = YES;
				CLANG_WARN_INFINITE_RECURSION = YES;
				CLANG_WARN_INT_CONVERSION = YES;
				CLANG_WARN_NON_LITERAL_NULL_CONVERSION = YES;
				CLANG_WARN_OBJC_IMPLICIT_RETAIN_SELF = YES;
				CLANG_WARN_OBJC_LITERAL_CONVERSION = YES;
				CLANG_WARN_OBJC_ROOT_CLASS = YES_ERROR;
				CLANG_WARN_RANGE_LOOP_ANALYSIS = YES;
				CLANG_WARN_STRICT_PROTOTYPES = YES;
				CLANG_WARN_SUSPICIOUS_MOVE = YES;
				CLANG_WARN_UNGUARDED_AVAILABILITY = YES_AGGRESSIVE;
				CLANG_WARN_UNREACHABLE_CODE = YES;
				CLANG_WARN__DUPLICATE_METHOD_MATCH = YES;
				CODE_SIGN_IDENTITY = "iPhone Developer";
				COPY_PHASE_STRIP = NO;
				DEBUG_INFORMATION_FORMAT = dwarf;
				ENABLE_STRICT_OBJC_MSGSEND = YES;
				ENABLE_TESTABILITY = YES;
				GCC_C_LANGUAGE_STANDARD = gnu11;
				GCC_DYNAMIC_NO_PIC = NO;
				GCC_NO_COMMON_BLOCKS = YES;
				GCC_OPTIMIZATION_LEVEL = 0;
				GCC_PREPROCESSOR_DEFINITIONS = (
					"DEBUG=1",
					"$(inherited)",
				);
				GCC_WARN_64_TO_32_BIT_CONVERSION = YES;
				GCC_WARN_ABOUT_RETURN_TYPE = YES_ERROR;
				GCC_WARN_UNDECLARED_SELECTOR = YES;
				GCC_WARN_UNINITIALIZED_AUTOS = YES_AGGRESSIVE;
				GCC_WARN_UNUSED_FUNCTION = YES;
				GCC_WARN_UNUSED_VARIABLE = YES;
				IPHONEOS_DEPLOYMENT_TARGET = 11.4;
				MTL_ENABLE_DEBUG_INFO = YES;
				ONLY_ACTIVE_ARCH = YES;
				SDKROOT = iphoneos;
				SWIFT_ACTIVE_COMPILATION_CONDITIONS = DEBUG;
				SWIFT_OPTIMIZATION_LEVEL = "-Onone";
			};
			name = Debug;
		};
		F420A252210BA78100A65D83 /* Release */ = {
			isa = XCBuildConfiguration;
			buildSettings = {
				ALWAYS_SEARCH_USER_PATHS = NO;
				CLANG_ANALYZER_NONNULL = YES;
				CLANG_ANALYZER_NUMBER_OBJECT_CONVERSION = YES_AGGRESSIVE;
				CLANG_CXX_LANGUAGE_STANDARD = "gnu++14";
				CLANG_CXX_LIBRARY = "libc++";
				CLANG_ENABLE_MODULES = YES;
				CLANG_ENABLE_OBJC_ARC = YES;
				CLANG_ENABLE_OBJC_WEAK = YES;
				CLANG_WARN_BLOCK_CAPTURE_AUTORELEASING = YES;
				CLANG_WARN_BOOL_CONVERSION = YES;
				CLANG_WARN_COMMA = YES;
				CLANG_WARN_CONSTANT_CONVERSION = YES;
				CLANG_WARN_DEPRECATED_OBJC_IMPLEMENTATIONS = YES;
				CLANG_WARN_DIRECT_OBJC_ISA_USAGE = YES_ERROR;
				CLANG_WARN_DOCUMENTATION_COMMENTS = YES;
				CLANG_WARN_EMPTY_BODY = YES;
				CLANG_WARN_ENUM_CONVERSION = YES;
				CLANG_WARN_INFINITE_RECURSION = YES;
				CLANG_WARN_INT_CONVERSION = YES;
				CLANG_WARN_NON_LITERAL_NULL_CONVERSION = YES;
				CLANG_WARN_OBJC_IMPLICIT_RETAIN_SELF = YES;
				CLANG_WARN_OBJC_LITERAL_CONVERSION = YES;
				CLANG_WARN_OBJC_ROOT_CLASS = YES_ERROR;
				CLANG_WARN_RANGE_LOOP_ANALYSIS = YES;
				CLANG_WARN_STRICT_PROTOTYPES = YES;
				CLANG_WARN_SUSPICIOUS_MOVE = YES;
				CLANG_WARN_UNGUARDED_AVAILABILITY = YES_AGGRESSIVE;
				CLANG_WARN_UNREACHABLE_CODE = YES;
				CLANG_WARN__DUPLICATE_METHOD_MATCH = YES;
				CODE_SIGN_IDENTITY = "iPhone Developer";
				COPY_PHASE_STRIP = NO;
				DEBUG_INFORMATION_FORMAT = "dwarf-with-dsym";
				ENABLE_NS_ASSERTIONS = NO;
				ENABLE_STRICT_OBJC_MSGSEND = YES;
				GCC_C_LANGUAGE_STANDARD = gnu11;
				GCC_NO_COMMON_BLOCKS = YES;
				GCC_WARN_64_TO_32_BIT_CONVERSION = YES;
				GCC_WARN_ABOUT_RETURN_TYPE = YES_ERROR;
				GCC_WARN_UNDECLARED_SELECTOR = YES;
				GCC_WARN_UNINITIALIZED_AUTOS = YES_AGGRESSIVE;
				GCC_WARN_UNUSED_FUNCTION = YES;
				GCC_WARN_UNUSED_VARIABLE = YES;
				IPHONEOS_DEPLOYMENT_TARGET = 11.4;
				MTL_ENABLE_DEBUG_INFO = NO;
				SDKROOT = iphoneos;
				SWIFT_COMPILATION_MODE = wholemodule;
				SWIFT_OPTIMIZATION_LEVEL = "-O";
				VALIDATE_PRODUCT = YES;
			};
			name = Release;
		};
		F420A254210BA78100A65D83 /* Debug */ = {
			isa = XCBuildConfiguration;
			buildSettings = {
				ASSETCATALOG_COMPILER_APPICON_NAME = AppIcon;
				CODE_SIGN_STYLE = Automatic;
				DEVELOPMENT_TEAM = 5H3MVYS5BT;
				INFOPLIST_FILE = TacoMadre/Info.plist;
				IPHONEOS_DEPLOYMENT_TARGET = 11.3;
				LD_RUNPATH_SEARCH_PATHS = (
					"$(inherited)",
					"@executable_path/Frameworks",
				);
				PRODUCT_BUNDLE_IDENTIFIER = com.alan.TacoMadre;
				PRODUCT_NAME = "$(TARGET_NAME)";
				SWIFT_VERSION = 4.0;
				TARGETED_DEVICE_FAMILY = "1,2";
			};
			name = Debug;
		};
		F420A255210BA78100A65D83 /* Release */ = {
			isa = XCBuildConfiguration;
			buildSettings = {
				ASSETCATALOG_COMPILER_APPICON_NAME = AppIcon;
				CODE_SIGN_STYLE = Automatic;
				DEVELOPMENT_TEAM = 5H3MVYS5BT;
				INFOPLIST_FILE = TacoMadre/Info.plist;
				IPHONEOS_DEPLOYMENT_TARGET = 11.3;
				LD_RUNPATH_SEARCH_PATHS = (
					"$(inherited)",
					"@executable_path/Frameworks",
				);
				PRODUCT_BUNDLE_IDENTIFIER = com.alan.TacoMadre;
				PRODUCT_NAME = "$(TARGET_NAME)";
				SWIFT_VERSION = 4.0;
				TARGETED_DEVICE_FAMILY = "1,2";
			};
			name = Release;
		};
/* End XCBuildConfiguration section */

/* Begin XCConfigurationList section */
		F420A23C210BA77D00A65D83 /* Build configuration list for PBXProject "TacoMadre" */ = {
			isa = XCConfigurationList;
			buildConfigurations = (
				F420A251210BA78100A65D83 /* Debug */,
				F420A252210BA78100A65D83 /* Release */,
			);
			defaultConfigurationIsVisible = 0;
			defaultConfigurationName = Release;
		};
		F420A253210BA78100A65D83 /* Build configuration list for PBXNativeTarget "TacoMadre" */ = {
			isa = XCConfigurationList;
			buildConfigurations = (
				F420A254210BA78100A65D83 /* Debug */,
				F420A255210BA78100A65D83 /* Release */,
			);
			defaultConfigurationIsVisible = 0;
			defaultConfigurationName = Release;
		};
/* End XCConfigurationList section */
	};
	rootObject = F420A239210BA77D00A65D83 /* Project object */;
}
